# This file is automatically @generated by Cargo.
# It is not intended for manual editing.
version = 4

[[package]]
name = "Slowfetch"
version = "0.1.0"
dependencies = [
 "inkline",
 "tintify",
]

[[package]]
name = "inkline"
version = "1.0.0"
source = "registry+https://github.com/rust-lang/crates.io-index"
checksum = "f8d8e34f27c68e5aa55a540190c6c1cb4ba955d1c32ac7378e468f9e24de08ae"
dependencies = [
 "tintify",
]

[[package]]
name = "tintify"
version = "1.0.1"
source = "registry+https://github.com/rust-lang/crates.io-index"
checksum = "aa45f1a0707d073840885287deece00b257eb2b22994cd691cd64924b2cf79c0"
